
Microsoft Visual Studio Solution File, Format Version 12.00
# Visual Studio Version 16
VisualStudioVersion = 16.0.31005.135
MinimumVisualStudioVersion = 10.0.40219.1
Project("{FAE04EC0-301F-11D3-BF4B-00C04F79EFBC}") = "RickAndMortyJSON", "RickAndMortyJSON.csproj", "{4F5E2F3E-D752-42B7-9109-FDE50D7BC5B7}"
EndProject
Global
	GlobalSection(SolutionConfigurationPlatforms) = preSolution
		Debug|Any CPU = Debug|Any CPU
		Release|Any CPU = Release|Any CPU
	EndGlobalSection
	GlobalSection(ProjectConfigurationPlatforms) = postSolution
		{4F5E2F3E-D752-42B7-9109-FDE50D7BC5B7}.Debug|Any CPU.ActiveCfg = Debug|Any CPU
		{4F5E2F3E-D752-42B7-9109-FDE50D7BC5B7}.Debug|Any CPU.Build.0 = Debug|Any CPU
		{4F5E2F3E-D752-42B7-9109-FDE50D7BC5B7}.Release|Any CPU.ActiveCfg = Release|Any CPU
		{4F5E2F3E-D752-42B7-9109-FDE50D7BC5B7}.Release|Any CPU.Build.0 = Release|Any CPU
	EndGlobalSection
	GlobalSection(SolutionProperties) = preSolution
		HideSolutionNode = FALSE
	EndGlobalSection
	GlobalSection(ExtensibilityGlobals) = postSolution
		SolutionGuid = {6B7D335A-3905-467A-A79D-B51957C5AA62}
	EndGlobalSection
EndGlobal
